
Microsoft Visual Studio Solution File, Format Version 12.00
Project("{FAE04EC0-301F-11D3-BF4B-00C04F79EFBC}") = "SpysOnePingerWpf", "SpysOnePingerWpf\SpysOnePingerWpf.csproj", "{19F1B182-227F-423E-9F64-019B2450C9E4}"
EndProject
Project("{FAE04EC0-301F-11D3-BF4B-00C04F79EFBC}") = "Socks5Wrap", "Socks5Wrap\Socks5Wrap.csproj", "{4BCE284E-97E4-4CBA-9AD9-E936F4E71C3C}"
EndProject
Global
	GlobalSection(SolutionConfigurationPlatforms) = preSolution
		Debug|Any CPU = Debug|Any CPU
		Release|Any CPU = Release|Any CPU
	EndGlobalSection
	GlobalSection(ProjectConfigurationPlatforms) = postSolution
		{19F1B182-227F-423E-9F64-019B2450C9E4}.Debug|Any CPU.ActiveCfg = Debug|Any CPU
		{19F1B182-227F-423E-9F64-019B2450C9E4}.Debug|Any CPU.Build.0 = Debug|Any CPU
		{19F1B182-227F-423E-9F64-019B2450C9E4}.Release|Any CPU.ActiveCfg = Release|Any CPU
		{19F1B182-227F-423E-9F64-019B2450C9E4}.Release|Any CPU.Build.0 = Release|Any CPU
		{4BCE284E-97E4-4CBA-9AD9-E936F4E71C3C}.Debug|Any CPU.ActiveCfg = Debug|Any CPU
		{4BCE284E-97E4-4CBA-9AD9-E936F4E71C3C}.Debug|Any CPU.Build.0 = Debug|Any CPU
		{4BCE284E-97E4-4CBA-9AD9-E936F4E71C3C}.Release|Any CPU.ActiveCfg = Release|Any CPU
		{4BCE284E-97E4-4CBA-9AD9-E936F4E71C3C}.Release|Any CPU.Build.0 = Release|Any CPU
	EndGlobalSection
EndGlobal
